
Microsoft Visual Studio Solution File, Format Version 12.00
# Visual Studio 2013
VisualStudioVersion = 12.0.21005.1
MinimumVisualStudioVersion = 10.0.40219.1
Project("{FAE04EC0-301F-11D3-BF4B-00C04F79EFBC}") = "UI_Restaurante", "Restaurante\UI_Restaurante.csproj", "{88B7957F-27DE-4240-ABC2-9E007A781AE1}"
EndProject
Project("{FAE04EC0-301F-11D3-BF4B-00C04F79EFBC}") = "BLL_Restaurante", "BLL_Restaurante\BLL_Restaurante.csproj", "{17546727-9B4D-4324-AA7A-9E9CF38D1EE1}"
EndProject
Project("{FAE04EC0-301F-11D3-BF4B-00C04F79EFBC}") = "DTO_Restaurante", "DTO_Restaurante\DTO_Restaurante.csproj", "{474FDC1C-319F-44A6-94C7-FE36748B8F80}"
EndProject
Project("{FAE04EC0-301F-11D3-BF4B-00C04F79EFBC}") = "DAL_Restaurante", "DAL_Restaurante\DAL_Restaurante.csproj", "{ED388228-942A-4783-B0A9-F005F3E2E64D}"
EndProject
Global
	GlobalSection(SolutionConfigurationPlatforms) = preSolution
		Debug|Any CPU = Debug|Any CPU
		Release|Any CPU = Release|Any CPU
	EndGlobalSection
	GlobalSection(ProjectConfigurationPlatforms) = postSolution
		{88B7957F-27DE-4240-ABC2-9E007A781AE1}.Debug|Any CPU.ActiveCfg = Debug|Any CPU
		{88B7957F-27DE-4240-ABC2-9E007A781AE1}.Debug|Any CPU.Build.0 = Debug|Any CPU
		{88B7957F-27DE-4240-ABC2-9E007A781AE1}.Release|Any CPU.ActiveCfg = Release|Any CPU
		{88B7957F-27DE-4240-ABC2-9E007A781AE1}.Release|Any CPU.Build.0 = Release|Any CPU
		{17546727-9B4D-4324-AA7A-9E9CF38D1EE1}.Debug|Any CPU.ActiveCfg = Debug|Any CPU
		{17546727-9B4D-4324-AA7A-9E9CF38D1EE1}.Debug|Any CPU.Build.0 = Debug|Any CPU
		{17546727-9B4D-4324-AA7A-9E9CF38D1EE1}.Release|Any CPU.ActiveCfg = Release|Any CPU
		{17546727-9B4D-4324-AA7A-9E9CF38D1EE1}.Release|Any CPU.Build.0 = Release|Any CPU
		{474FDC1C-319F-44A6-94C7-FE36748B8F80}.Debug|Any CPU.ActiveCfg = Debug|Any CPU
		{474FDC1C-319F-44A6-94C7-FE36748B8F80}.Debug|Any CPU.Build.0 = Debug|Any CPU
		{474FDC1C-319F-44A6-94C7-FE36748B8F80}.Release|Any CPU.ActiveCfg = Release|Any CPU
		{474FDC1C-319F-44A6-94C7-FE36748B8F80}.Release|Any CPU.Build.0 = Release|Any CPU
		{ED388228-942A-4783-B0A9-F005F3E2E64D}.Debug|Any CPU.ActiveCfg = Debug|Any CPU
		{ED388228-942A-4783-B0A9-F005F3E2E64D}.Debug|Any CPU.Build.0 = Debug|Any CPU
		{ED388228-942A-4783-B0A9-F005F3E2E64D}.Release|Any CPU.ActiveCfg = Release|Any CPU
		{ED388228-942A-4783-B0A9-F005F3E2E64D}.Release|Any CPU.Build.0 = Release|Any CPU
	EndGlobalSection
	GlobalSection(SolutionProperties) = preSolution
		HideSolutionNode = FALSE
	EndGlobalSection
EndGlobal
